// !$*UTF8*$!
{
	archiveVersion = 1;
	classes = {
	};
	objectVersion = 51;
	objects = {

/* Begin PBXBuildFile section */
		9E17DDA224217D7C00EB29D5 /* K.swift in Sources */ = {isa = PBXBuildFile; fileRef = 9E17DDA124217D7C00EB29D5 /* K.swift */; };
		9E5625A52415ACC400B3159A /* AppDelegate.swift in Sources */ = {isa = PBXBuildFile; fileRef = 9E5625A42415ACC400B3159A /* AppDelegate.swift */; };
		9E5625A72415ACC400B3159A /* SceneDelegate.swift in Sources */ = {isa = PBXBuildFile; fileRef = 9E5625A62415ACC400B3159A /* SceneDelegate.swift */; };
		9E5625AC2415ACC400B3159A /* Main.storyboard in Resources */ = {isa = PBXBuildFile; fileRef = 9E5625AA2415ACC400B3159A /* Main.storyboard */; };
		9E5625AE2415ACC900B3159A /* Assets.xcassets in Resources */ = {isa = PBXBuildFile; fileRef = 9E5625AD2415ACC900B3159A /* Assets.xcassets */; };
		9E5625B12415ACC900B3159A /* LaunchScreen.storyboard in Resources */ = {isa = PBXBuildFile; fileRef = 9E5625AF2415ACC900B3159A /* LaunchScreen.storyboard */; };
		9E5625BA2415B07700B3159A /* TitleViewController.swift in Sources */ = {isa = PBXBuildFile; fileRef = 9E5625B92415B07700B3159A /* TitleViewController.swift */; };
		9E6761272422A70E00C69BA4 /* Message.swift in Sources */ = {isa = PBXBuildFile; fileRef = 9E6761262422A70E00C69BA4 /* Message.swift */; };
		9E984D742416F2B1002AFD02 /* LoginViewController.swift in Sources */ = {isa = PBXBuildFile; fileRef = 9E984D732416F2B1002AFD02 /* LoginViewController.swift */; };
		9E984D782416FBEB002AFD02 /* RegistrationViewController.swift in Sources */ = {isa = PBXBuildFile; fileRef = 9E984D772416FBEB002AFD02 /* RegistrationViewController.swift */; };
		9E984D7A2416FDC7002AFD02 /* ChatViewController.swift in Sources */ = {isa = PBXBuildFile; fileRef = 9E984D792416FDC7002AFD02 /* ChatViewController.swift */; };
		9EFE5454241A91E500F4B951 /* GoogleService-Info.plist in Resources */ = {isa = PBXBuildFile; fileRef = 9EFE5453241A91E500F4B951 /* GoogleService-Info.plist */; };
		AA1C8F4BB71028350D84F81B /* Pods_flashChat.framework in Frameworks */ = {isa = PBXBuildFile; fileRef = 767632A9F845256D2A9B4024 /* Pods_flashChat.framework */; };
/* End PBXBuildFile section */

/* Begin PBXFileReference section */
		767632A9F845256D2A9B4024 /* Pods_flashChat.framework */ = {isa = PBXFileReference; explicitFileType = wrapper.framework; includeInIndex = 0; path = Pods_flashChat.framework; sourceTree = BUILT_PRODUCTS_DIR; };
		93F760C6ACD5B5E7455B2CBB /* Pods-flashChat.debug.xcconfig */ = {isa = PBXFileReference; includeInIndex = 1; lastKnownFileType = text.xcconfig; name = "Pods-flashChat.debug.xcconfig"; path = "Target Support Files/Pods-flashChat/Pods-flashChat.debug.xcconfig"; sourceTree = "<group>"; };
		9E17DDA124217D7C00EB29D5 /* K.swift */ = {isa = PBXFileReference; lastKnownFileType = sourcecode.swift; path = K.swift; sourceTree = "<group>"; };
		9E5625A12415ACC400B3159A /* flashChat.app */ = {isa = PBXFileReference; explicitFileType = wrapper.application; includeInIndex = 0; path = flashChat.app; sourceTree = BUILT_PRODUCTS_DIR; };
		9E5625A42415ACC400B3159A /* AppDelegate.swift */ = {isa = PBXFileReference; lastKnownFileType = sourcecode.swift; path = AppDelegate.swift; sourceTree = "<group>"; };
		9E5625A62415ACC400B3159A /* SceneDelegate.swift */ = {isa = PBXFileReference; lastKnownFileType = sourcecode.swift; path = SceneDelegate.swift; sourceTree = "<group>"; };
		9E5625AB2415ACC400B3159A /* Base */ = {isa = PBXFileReference; lastKnownFileType = file.storyboard; name = Base; path = Base.lproj/Main.storyboard; sourceTree = "<group>"; };
		9E5625AD2415ACC900B3159A /* Assets.xcassets */ = {isa = PBXFileReference; lastKnownFileType = folder.assetcatalog; path = Assets.xcassets; sourceTree = "<group>"; };
		9E5625B02415ACC900B3159A /* Base */ = {isa = PBXFileReference; lastKnownFileType = file.storyboard; name = Base; path = Base.lproj/LaunchScreen.storyboard; sourceTree = "<group>"; };
		9E5625B22415ACC900B3159A /* Info.plist */ = {isa = PBXFileReference; lastKnownFileType = text.plist.xml; path = Info.plist; sourceTree = "<group>"; };
		9E5625B92415B07700B3159A /* TitleViewController.swift */ = {isa = PBXFileReference; lastKnownFileType = sourcecode.swift; path = TitleViewController.swift; sourceTree = "<group>"; };
		9E6761262422A70E00C69BA4 /* Message.swift */ = {isa = PBXFileReference; lastKnownFileType = sourcecode.swift; path = Message.swift; sourceTree = "<group>"; };
		9E984D732416F2B1002AFD02 /* LoginViewController.swift */ = {isa = PBXFileReference; lastKnownFileType = sourcecode.swift; path = LoginViewController.swift; sourceTree = "<group>"; };
		9E984D772416FBEB002AFD02 /* RegistrationViewController.swift */ = {isa = PBXFileReference; lastKnownFileType = sourcecode.swift; path = RegistrationViewController.swift; sourceTree = "<group>"; };
		9E984D792416FDC7002AFD02 /* ChatViewController.swift */ = {isa = PBXFileReference; lastKnownFileType = sourcecode.swift; path = ChatViewController.swift; sourceTree = "<group>"; };
		9EFE5453241A91E500F4B951 /* GoogleService-Info.plist */ = {isa = PBXFileReference; fileEncoding = 4; lastKnownFileType = text.plist.xml; path = "GoogleService-Info.plist"; sourceTree = "<group>"; };
		E6CB576C4B3FDE5EEBCB2BEF /* Pods-flashChat.release.xcconfig */ = {isa = PBXFileReference; includeInIndex = 1; lastKnownFileType = text.xcconfig; name = "Pods-flashChat.release.xcconfig"; path = "Target Support Files/Pods-flashChat/Pods-flashChat.release.xcconfig"; sourceTree = "<group>"; };
/* End PBXFileReference section */

/* Begin PBXFrameworksBuildPhase section */
		9E56259E2415ACC400B3159A /* Frameworks */ = {
			isa = PBXFrameworksBuildPhase;
			buildActionMask = 2147483647;
			files = (
				AA1C8F4BB71028350D84F81B /* Pods_flashChat.framework in Frameworks */,
			);
			runOnlyForDeploymentPostprocessing = 0;
		};
/* End PBXFrameworksBuildPhase section */

/* Begin PBXGroup section */
		9E5625982415ACC400B3159A = {
			isa = PBXGroup;
			children = (
				9E5625A32415ACC400B3159A /* flashChat */,
				9E5625A22415ACC400B3159A /* Products */,
				FA82374D6E5CF1B7A0AF937B /* Pods */,
				E4BC6D71540755B6CF8175FD /* Frameworks */,
			);
			sourceTree = "<group>";
		};
		9E5625A22415ACC400B3159A /* Products */ = {
			isa = PBXGroup;
			children = (
				9E5625A12415ACC400B3159A /* flashChat.app */,
			);
			name = Products;
			sourceTree = "<group>";
		};
		9E5625A32415ACC400B3159A /* flashChat */ = {
			isa = PBXGroup;
			children = (
				9E6761282422A72200C69BA4 /* Views */,
				9E67612A2422A74000C69BA4 /* Models */,
				9E6761292422A73400C69BA4 /* Controllers */,
				9E17DDA124217D7C00EB29D5 /* K.swift */,
				9E5625AD2415ACC900B3159A /* Assets.xcassets */,
				9E5625B22415ACC900B3159A /* Info.plist */,
				9EFE5453241A91E500F4B951 /* GoogleService-Info.plist */,
				9E5625B82415AFA300B3159A /* App & Scene Delegates */,
			);
			path = flashChat;
			sourceTree = "<group>";
		};
		9E5625B82415AFA300B3159A /* App & Scene Delegates */ = {
			isa = PBXGroup;
			children = (
				9E5625A42415ACC400B3159A /* AppDelegate.swift */,
				9E5625A62415ACC400B3159A /* SceneDelegate.swift */,
			);
			path = "App & Scene Delegates";
			sourceTree = "<group>";
		};
		9E6761282422A72200C69BA4 /* Views */ = {
			isa = PBXGroup;
			children = (
				9E5625AA2415ACC400B3159A /* Main.storyboard */,
				9E5625AF2415ACC900B3159A /* LaunchScreen.storyboard */,
			);
			path = Views;
			sourceTree = "<group>";
		};
		9E6761292422A73400C69BA4 /* Controllers */ = {
			isa = PBXGroup;
			children = (
				9E984D792416FDC7002AFD02 /* ChatViewController.swift */,
				9E984D732416F2B1002AFD02 /* LoginViewController.swift */,
				9E984D772416FBEB002AFD02 /* RegistrationViewController.swift */,
				9E5625B92415B07700B3159A /* TitleViewController.swift */,
			);
			path = Controllers;
			sourceTree = "<group>";
		};
		9E67612A2422A74000C69BA4 /* Models */ = {
			isa = PBXGroup;
			children = (
				9E6761262422A70E00C69BA4 /* Message.swift */,
			);
			path = Models;
			sourceTree = "<group>";
		};
		E4BC6D71540755B6CF8175FD /* Frameworks */ = {
			isa = PBXGroup;
			children = (
				767632A9F845256D2A9B4024 /* Pods_flashChat.framework */,
			);
			name = Frameworks;
			sourceTree = "<group>";
		};
		FA82374D6E5CF1B7A0AF937B /* Pods */ = {
			isa = PBXGroup;
			children = (
				93F760C6ACD5B5E7455B2CBB /* Pods-flashChat.debug.xcconfig */,
				E6CB576C4B3FDE5EEBCB2BEF /* Pods-flashChat.release.xcconfig */,
			);
			path = Pods;
			sourceTree = "<group>";
		};
/* End PBXGroup section */

/* Begin PBXNativeTarget section */
		9E5625A02415ACC400B3159A /* flashChat */ = {
			isa = PBXNativeTarget;
			buildConfigurationList = 9E5625B52415ACC900B3159A /* Build configuration list for PBXNativeTarget "flashChat" */;
			buildPhases = (
				D3A27339AD9E1C89890B3876 /* [CP] Check Pods Manifest.lock */,
				9E56259D2415ACC400B3159A /* Sources */,
				9E56259E2415ACC400B3159A /* Frameworks */,
				9E56259F2415ACC400B3159A /* Resources */,
				214CBE91C23D7854F528C843 /* [CP] Embed Pods Frameworks */,
			);
			buildRules = (
			);
			dependencies = (
			);
			name = flashChat;
			productName = flashChat;
			productReference = 9E5625A12415ACC400B3159A /* flashChat.app */;
			productType = "com.apple.product-type.application";
		};
/* End PBXNativeTarget section */

/* Begin PBXProject section */
		9E5625992415ACC400B3159A /* Project object */ = {
			isa = PBXProject;
			attributes = {
				LastSwiftUpdateCheck = 1130;
				LastUpgradeCheck = 1130;
				ORGANIZATIONNAME = SebastianMalm;
				TargetAttributes = {
					9E5625A02415ACC400B3159A = {
						CreatedOnToolsVersion = 11.3.1;
					};
				};
			};
			buildConfigurationList = 9E56259C2415ACC400B3159A /* Build configuration list for PBXProject "flashChat" */;
			compatibilityVersion = "Xcode 9.3";
			developmentRegion = en;
			hasScannedForEncodings = 0;
			knownRegions = (
				en,
				Base,
			);
			mainGroup = 9E5625982415ACC400B3159A;
			productRefGroup = 9E5625A22415ACC400B3159A /* Products */;
			projectDirPath = "";
			projectRoot = "";
			targets = (
				9E5625A02415ACC400B3159A /* flashChat */,
			);
		};
/* End PBXProject section */

/* Begin PBXResourcesBuildPhase section */
		9E56259F2415ACC400B3159A /* Resources */ = {
			isa = PBXResourcesBuildPhase;
			buildActionMask = 2147483647;
			files = (
				9E5625B12415ACC900B3159A /* LaunchScreen.storyboard in Resources */,
				9EFE5454241A91E500F4B951 /* GoogleService-Info.plist in Resources */,
				9E5625AE2415ACC900B3159A /* Assets.xcassets in Resources */,
				9E5625AC2415ACC400B3159A /* Main.storyboard in Resources */,
			);
			runOnlyForDeploymentPostprocessing = 0;
		};
/* End PBXResourcesBuildPhase section */

/* Begin PBXShellScriptBuildPhase section */
		214CBE91C23D7854F528C843 /* [CP] Embed Pods Frameworks */ = {
			isa = PBXShellScriptBuildPhase;
			buildActionMask = 2147483647;
			files = (
			);
			inputFileListPaths = (
				"${PODS_ROOT}/Target Support Files/Pods-flashChat/Pods-flashChat-frameworks-${CONFIGURATION}-input-files.xcfilelist",
			);
			name = "[CP] Embed Pods Frameworks";
			outputFileListPaths = (
				"${PODS_ROOT}/Target Support Files/Pods-flashChat/Pods-flashChat-frameworks-${CONFIGURATION}-output-files.xcfilelist",
			);
			runOnlyForDeploymentPostprocessing = 0;
			shellPath = /bin/sh;
			shellScript = "\"${PODS_ROOT}/Target Support Files/Pods-flashChat/Pods-flashChat-frameworks.sh\"\n";
			showEnvVarsInLog = 0;
		};
		D3A27339AD9E1C89890B3876 /* [CP] Check Pods Manifest.lock */ = {
			isa = PBXShellScriptBuildPhase;
			buildActionMask = 2147483647;
			files = (
			);
			inputFileListPaths = (
			);
			inputPaths = (
				"${PODS_PODFILE_DIR_PATH}/Podfile.lock",
				"${PODS_ROOT}/Manifest.lock",
			);
			name = "[CP] Check Pods Manifest.lock";
			outputFileListPaths = (
			);
			outputPaths = (
				"$(DERIVED_FILE_DIR)/Pods-flashChat-checkManifestLockResult.txt",
			);
			runOnlyForDeploymentPostprocessing = 0;
			shellPath = /bin/sh;
			shellScript = "diff \"${PODS_PODFILE_DIR_PATH}/Podfile.lock\" \"${PODS_ROOT}/Manifest.lock\" > /dev/null\nif [ $? != 0 ] ; then\n    # print error to STDERR\n    echo \"error: The sandbox is not in sync with the Podfile.lock. Run 'pod install' or update your CocoaPods installation.\" >&2\n    exit 1\nfi\n# This output is used by Xcode 'outputs' to avoid re-running this script phase.\necho \"SUCCESS\" > \"${SCRIPT_OUTPUT_FILE_0}\"\n";
			showEnvVarsInLog = 0;
		};
/* End PBXShellScriptBuildPhase section */

/* Begin PBXSourcesBuildPhase section */
		9E56259D2415ACC400B3159A /* Sources */ = {
			isa = PBXSourcesBuildPhase;
			buildActionMask = 2147483647;
			files = (
				9E984D782416FBEB002AFD02 /* RegistrationViewController.swift in Sources */,
				9E984D742416F2B1002AFD02 /* LoginViewController.swift in Sources */,
				9E984D7A2416FDC7002AFD02 /* ChatViewController.swift in Sources */,
				9E5625A52415ACC400B3159A /* AppDelegate.swift in Sources */,
				9E5625A72415ACC400B3159A /* SceneDelegate.swift in Sources */,
				9E6761272422A70E00C69BA4 /* Message.swift in Sources */,
				9E5625BA2415B07700B3159A /* TitleViewController.swift in Sources */,
				9E17DDA224217D7C00EB29D5 /* K.swift in Sources */,
			);
			runOnlyForDeploymentPostprocessing = 0;
		};
/* End PBXSourcesBuildPhase section */

/* Begin PBXVariantGroup section */
		9E5625AA2415ACC400B3159A /* Main.storyboard */ = {
			isa = PBXVariantGroup;
			children = (
				9E5625AB2415ACC400B3159A /* Base */,
			);
			name = Main.storyboard;
			sourceTree = "<group>";
		};
		9E5625AF2415ACC900B3159A /* LaunchScreen.storyboard */ = {
			isa = PBXVariantGroup;
			children = (
				9E5625B02415ACC900B3159A /* Base */,
			);
			name = LaunchScreen.storyboard;
			sourceTree = "<group>";
		};
/* End PBXVariantGroup section */

/* Begin XCBuildConfiguration section */
		9E5625B32415ACC900B3159A /* Debug */ = {
			isa = XCBuildConfiguration;
			buildSettings = {
				ALWAYS_SEARCH_USER_PATHS = NO;
				CLANG_ANALYZER_NONNULL = YES;
				CLANG_ANALYZER_NUMBER_OBJECT_CONVERSION = YES_AGGRESSIVE;
				CLANG_CXX_LANGUAGE_STANDARD = "gnu++14";
				CLANG_CXX_LIBRARY = "libc++";
				CLANG_ENABLE_MODULES = YES;
				CLANG_ENABLE_OBJC_ARC = YES;
				CLANG_ENABLE_OBJC_WEAK = YES;
				CLANG_WARN_BLOCK_CAPTURE_AUTORELEASING = YES;
				CLANG_WARN_BOOL_CONVERSION = YES;
				CLANG_WARN_COMMA = YES;
				CLANG_WARN_CONSTANT_CONVERSION = YES;
				CLANG_WARN_DEPRECATED_OBJC_IMPLEMENTATIONS = YES;
				CLANG_WARN_DIRECT_OBJC_ISA_USAGE = YES_ERROR;
				CLANG_WARN_DOCUMENTATION_COMMENTS = YES;
				CLANG_WARN_EMPTY_BODY = YES;
				CLANG_WARN_ENUM_CONVERSION = YES;
				CLANG_WARN_INFINITE_RECURSION = YES;
				CLANG_WARN_INT_CONVERSION = YES;
				CLANG_WARN_NON_LITERAL_NULL_CONVERSION = YES;
				CLANG_WARN_OBJC_IMPLICIT_RETAIN_SELF = YES;
				CLANG_WARN_OBJC_LITERAL_CONVERSION = YES;
				CLANG_WARN_OBJC_ROOT_CLASS = YES_ERROR;
				CLANG_WARN_RANGE_LOOP_ANALYSIS = YES;
				CLANG_WARN_STRICT_PROTOTYPES = YES;
				CLANG_WARN_SUSPICIOUS_MOVE = YES;
				CLANG_WARN_UNGUARDED_AVAILABILITY = YES_AGGRESSIVE;
				CLANG_WARN_UNREACHABLE_CODE = YES;
				CLANG_WARN__DUPLICATE_METHOD_MATCH = YES;
				COPY_PHASE_STRIP = NO;
				DEBUG_INFORMATION_FORMAT = dwarf;
				ENABLE_STRICT_OBJC_MSGSEND = YES;
				ENABLE_TESTABILITY = YES;
				GCC_C_LANGUAGE_STANDARD = gnu11;
				GCC_DYNAMIC_NO_PIC = NO;
				GCC_NO_COMMON_BLOCKS = YES;
				GCC_OPTIMIZATION_LEVEL = 0;
				GCC_PREPROCESSOR_DEFINITIONS = (
					"DEBUG=1",
					"$(inherited)",
				);
				GCC_WARN_64_TO_32_BIT_CONVERSION = YES;
				GCC_WARN_ABOUT_RETURN_TYPE = YES_ERROR;
				GCC_WARN_UNDECLARED_SELECTOR = YES;
				GCC_WARN_UNINITIALIZED_AUTOS = YES_AGGRESSIVE;
				GCC_WARN_UNUSED_FUNCTION = YES;
				GCC_WARN_UNUSED_VARIABLE = YES;
				IPHONEOS_DEPLOYMENT_TARGET = 13.2;
				MTL_ENABLE_DEBUG_INFO = INCLUDE_SOURCE;
				MTL_FAST_MATH = YES;
				ONLY_ACTIVE_ARCH = YES;
				SDKROOT = iphoneos;
				SWIFT_ACTIVE_COMPILATION_CONDITIONS = DEBUG;
				SWIFT_OPTIMIZATION_LEVEL = "-Onone";
			};
			name = Debug;
		};
		9E5625B42415ACC900B3159A /* Release */ = {
			isa = XCBuildConfiguration;
			buildSettings = {
				ALWAYS_SEARCH_USER_PATHS = NO;
				CLANG_ANALYZER_NONNULL = YES;
				CLANG_ANALYZER_NUMBER_OBJECT_CONVERSION = YES_AGGRESSIVE;
				CLANG_CXX_LANGUAGE_STANDARD = "gnu++14";
				CLANG_CXX_LIBRARY = "libc++";
				CLANG_ENABLE_MODULES = YES;
				CLANG_ENABLE_OBJC_ARC = YES;
				CLANG_ENABLE_OBJC_WEAK = YES;
				CLANG_WARN_BLOCK_CAPTURE_AUTORELEASING = YES;
				CLANG_WARN_BOOL_CONVERSION = YES;
				CLANG_WARN_COMMA = YES;
				CLANG_WARN_CONSTANT_CONVERSION = YES;
				CLANG_WARN_DEPRECATED_OBJC_IMPLEMENTATIONS = YES;
				CLANG_WARN_DIRECT_OBJC_ISA_USAGE = YES_ERROR;
				CLANG_WARN_DOCUMENTATION_COMMENTS = YES;
				CLANG_WARN_EMPTY_BODY = YES;
				CLANG_WARN_ENUM_CONVERSION = YES;
				CLANG_WARN_INFINITE_RECURSION = YES;
				CLANG_WARN_INT_CONVERSION = YES;
				CLANG_WARN_NON_LITERAL_NULL_CONVERSION = YES;
				CLANG_WARN_OBJC_IMPLICIT_RETAIN_SELF = YES;
				CLANG_WARN_OBJC_LITERAL_CONVERSION = YES;
				CLANG_WARN_OBJC_ROOT_CLASS = YES_ERROR;
				CLANG_WARN_RANGE_LOOP_ANALYSIS = YES;
				CLANG_WARN_STRICT_PROTOTYPES = YES;
				CLANG_WARN_SUSPICIOUS_MOVE = YES;
				CLANG_WARN_UNGUARDED_AVAILABILITY = YES_AGGRESSIVE;
				CLANG_WARN_UNREACHABLE_CODE = YES;
				CLANG_WARN__DUPLICATE_METHOD_MATCH = YES;
				COPY_PHASE_STRIP = NO;
				DEBUG_INFORMATION_FORMAT = "dwarf-with-dsym";
				ENABLE_NS_ASSERTIONS = NO;
				ENABLE_STRICT_OBJC_MSGSEND = YES;
				GCC_C_LANGUAGE_STANDARD = gnu11;
				GCC_NO_COMMON_BLOCKS = YES;
				GCC_WARN_64_TO_32_BIT_CONVERSION = YES;
				GCC_WARN_ABOUT_RETURN_TYPE = YES_ERROR;
				GCC_WARN_UNDECLARED_SELECTOR = YES;
				GCC_WARN_UNINITIALIZED_AUTOS = YES_AGGRESSIVE;
				GCC_WARN_UNUSED_FUNCTION = YES;
				GCC_WARN_UNUSED_VARIABLE = YES;
				IPHONEOS_DEPLOYMENT_TARGET = 13.2;
				MTL_ENABLE_DEBUG_INFO = NO;
				MTL_FAST_MATH = YES;
				SDKROOT = iphoneos;
				SWIFT_COMPILATION_MODE = wholemodule;
				SWIFT_OPTIMIZATION_LEVEL = "-O";
				VALIDATE_PRODUCT = YES;
			};
			name = Release;
		};
		9E5625B62415ACC900B3159A /* Debug */ = {
			isa = XCBuildConfiguration;
			baseConfigurationReference = 93F760C6ACD5B5E7455B2CBB /* Pods-flashChat.debug.xcconfig */;
			buildSettings = {
				ASSETCATALOG_COMPILER_APPICON_NAME = AppIcon;
				CODE_SIGN_STYLE = Automatic;
				DEVELOPMENT_TEAM = TK388M95MH;
				INFOPLIST_FILE = flashChat/Info.plist;
				LD_RUNPATH_SEARCH_PATHS = (
					"$(inherited)",
					"@executable_path/Frameworks",
				);
				PRODUCT_BUNDLE_IDENTIFIER = com.SebastianMalm.flashChat;
				PRODUCT_NAME = "$(TARGET_NAME)";
				SWIFT_VERSION = 5.0;
				TARGETED_DEVICE_FAMILY = "1,2";
			};
			name = Debug;
		};
		9E5625B72415ACC900B3159A /* Release */ = {
			isa = XCBuildConfiguration;
			baseConfigurationReference = E6CB576C4B3FDE5EEBCB2BEF /* Pods-flashChat.release.xcconfig */;
			buildSettings = {
				ASSETCATALOG_COMPILER_APPICON_NAME = AppIcon;
				CODE_SIGN_STYLE = Automatic;
				DEVELOPMENT_TEAM = TK388M95MH;
				INFOPLIST_FILE = flashChat/Info.plist;
				LD_RUNPATH_SEARCH_PATHS = (
					"$(inherited)",
					"@executable_path/Frameworks",
				);
				PRODUCT_BUNDLE_IDENTIFIER = com.SebastianMalm.flashChat;
				PRODUCT_NAME = "$(TARGET_NAME)";
				SWIFT_VERSION = 5.0;
				TARGETED_DEVICE_FAMILY = "1,2";
			};
			name = Release;
		};
/* End XCBuildConfiguration section */

/* Begin XCConfigurationList section */
		9E56259C2415ACC400B3159A /* Build configuration list for PBXProject "flashChat" */ = {
			isa = XCConfigurationList;
			buildConfigurations = (
				9E5625B32415ACC900B3159A /* Debug */,
				9E5625B42415ACC900B3159A /* Release */,
			);
			defaultConfigurationIsVisible = 0;
			defaultConfigurationName = Release;
		};
		9E5625B52415ACC900B3159A /* Build configuration list for PBXNativeTarget "flashChat" */ = {
			isa = XCConfigurationList;
			buildConfigurations = (
				9E5625B62415ACC900B3159A /* Debug */,
				9E5625B72415ACC900B3159A /* Release */,
			);
			defaultConfigurationIsVisible = 0;
			defaultConfigurationName = Release;
		};
/* End XCConfigurationList section */
	};
	rootObject = 9E5625992415ACC400B3159A /* Project object */;
}
